
Microsoft Visual Studio Solution File, Format Version 12.00
# Visual Studio Version 17
VisualStudioVersion = 17.11.35222.181
MinimumVisualStudioVersion = 10.0.40219.1
Project("{8BC9CEB8-8B4A-11D0-8D11-00A0C91BC942}") = "Laba1var9", "Labi\Labi.vcxproj", "{BF303BA3-A843-4EA9-ADD1-340CE64A330C}"
EndProject
Project("{8BC9CEB8-8B4A-11D0-8D11-00A0C91BC942}") = "Laba2var9", "Laba2var9\Laba2var9.vcxproj", "{5EDD535C-128B-4EDD-ACAC-05A19DE92C13}"
EndProject
Project("{8BC9CEB8-8B4A-11D0-8D11-00A0C91BC942}") = "Laba3var9", "Laba3var9\Laba3var9.vcxproj", "{5D9E9E9B-4040-44A8-8BAC-2007D33A180C}"
EndProject
Project("{8BC9CEB8-8B4A-11D0-8D11-00A0C91BC942}") = "Laba4var9", "Laba4var9\Laba4var9.vcxproj", "{355DB527-E7DB-4B3D-AED4-492449ADF56F}"
EndProject
Project("{8BC9CEB8-8B4A-11D0-8D11-00A0C91BC942}") = "Laba5var9", "Laba5var9\Laba5var9.vcxproj", "{A2C6B402-82FE-43FB-8AD5-9D4E7CDA89CB}"
EndProject
Project("{8BC9CEB8-8B4A-11D0-8D11-00A0C91BC942}") = "Laba6var9", "Laba6var9\Laba6var9.vcxproj", "{2AB5897A-8E0B-479E-BED3-4C65645A8A94}"
EndProject
Project("{8BC9CEB8-8B4A-11D0-8D11-00A0C91BC942}") = "Laba7Var9", "Laba7Var9\Laba7Var9.vcxproj", "{9E0B985D-6310-4752-963A-DF012290FAB6}"
EndProject
Project("{8BC9CEB8-8B4A-11D0-8D11-00A0C91BC942}") = "Laba8Var9", "Laba8Var9\Laba8Var9.vcxproj", "{8DAF7CBC-934C-482B-8354-C453021FDAFE}"
EndProject
Project("{8BC9CEB8-8B4A-11D0-8D11-00A0C91BC942}") = "Laba9Var9", "Laba9Var9\Laba9Var9.vcxproj", "{716E170A-E9EE-421B-9E44-3723CD02D1E8}"
EndProject
Project("{8BC9CEB8-8B4A-11D0-8D11-00A0C91BC942}") = "Laba10Var9", "Laba10Var9\Laba10Var9.vcxproj", "{E189B896-E7FD-42EF-BE6E-6E25CAF2AD4A}"
EndProject
Project("{8BC9CEB8-8B4A-11D0-8D11-00A0C91BC942}") = "Laba11var9", "Laba11var9\Laba11var9.vcxproj", "{79883326-E758-437C-AC38-EC169497AC79}"
EndProject
Project("{8BC9CEB8-8B4A-11D0-8D11-00A0C91BC942}") = "Laba12var9", "Laba12var9\Laba12var9.vcxproj", "{9486705D-2EB1-4821-ADBF-4FC9BFA27765}"
EndProject
Project("{8BC9CEB8-8B4A-11D0-8D11-00A0C91BC942}") = "Laba13Var9", "Laba13Var9\Laba13Var9.vcxproj", "{6C596B78-6125-4805-A7B1-05F9389148C7}"
EndProject
Project("{8BC9CEB8-8B4A-11D0-8D11-00A0C91BC942}") = "Laba14Var9", "Laba14Var9\Laba14Var9.vcxproj", "{ACE9C68C-EA69-4491-ADD3-5BDE0E63FD00}"
EndProject
Project("{8BC9CEB8-8B4A-11D0-8D11-00A0C91BC942}") = "Laba15Var9", "Laba15Var9\Laba15Var9.vcxproj", "{BF77BEE6-7516-474E-863C-53489BEFA9D0}"
EndProject
Global
	GlobalSection(SolutionConfigurationPlatforms) = preSolution
		Debug|x64 = Debug|x64
		Debug|x86 = Debug|x86
		Release|x64 = Release|x64
		Release|x86 = Release|x86
	EndGlobalSection
	GlobalSection(ProjectConfigurationPlatforms) = postSolution
		{BF303BA3-A843-4EA9-ADD1-340CE64A330C}.Debug|x64.ActiveCfg = Debug|x64
		{BF303BA3-A843-4EA9-ADD1-340CE64A330C}.Debug|x64.Build.0 = Debug|x64
		{BF303BA3-A843-4EA9-ADD1-340CE64A330C}.Debug|x86.ActiveCfg = Debug|Win32
		{BF303BA3-A843-4EA9-ADD1-340CE64A330C}.Debug|x86.Build.0 = Debug|Win32
		{BF303BA3-A843-4EA9-ADD1-340CE64A330C}.Release|x64.ActiveCfg = Release|x64
		{BF303BA3-A843-4EA9-ADD1-340CE64A330C}.Release|x64.Build.0 = Release|x64
		{BF303BA3-A843-4EA9-ADD1-340CE64A330C}.Release|x86.ActiveCfg = Release|Win32
		{BF303BA3-A843-4EA9-ADD1-340CE64A330C}.Release|x86.Build.0 = Release|Win32
		{5EDD535C-128B-4EDD-ACAC-05A19DE92C13}.Debug|x64.ActiveCfg = Debug|x64
		{5EDD535C-128B-4EDD-ACAC-05A19DE92C13}.Debug|x64.Build.0 = Debug|x64
		{5EDD535C-128B-4EDD-ACAC-05A19DE92C13}.Debug|x86.ActiveCfg = Debug|Win32
		{5EDD535C-128B-4EDD-ACAC-05A19DE92C13}.Debug|x86.Build.0 = Debug|Win32
		{5EDD535C-128B-4EDD-ACAC-05A19DE92C13}.Release|x64.ActiveCfg = Release|x64
		{5EDD535C-128B-4EDD-ACAC-05A19DE92C13}.Release|x64.Build.0 = Release|x64
		{5EDD535C-128B-4EDD-ACAC-05A19DE92C13}.Release|x86.ActiveCfg = Release|Win32
		{5EDD535C-128B-4EDD-ACAC-05A19DE92C13}.Release|x86.Build.0 = Release|Win32
		{5D9E9E9B-4040-44A8-8BAC-2007D33A180C}.Debug|x64.ActiveCfg = Debug|x64
		{5D9E9E9B-4040-44A8-8BAC-2007D33A180C}.Debug|x64.Build.0 = Debug|x64
		{5D9E9E9B-4040-44A8-8BAC-2007D33A180C}.Debug|x86.ActiveCfg = Debug|Win32
		{5D9E9E9B-4040-44A8-8BAC-2007D33A180C}.Debug|x86.Build.0 = Debug|Win32
		{5D9E9E9B-4040-44A8-8BAC-2007D33A180C}.Release|x64.ActiveCfg = Release|x64
		{5D9E9E9B-4040-44A8-8BAC-2007D33A180C}.Release|x64.Build.0 = Release|x64
		{5D9E9E9B-4040-44A8-8BAC-2007D33A180C}.Release|x86.ActiveCfg = Release|Win32
		{5D9E9E9B-4040-44A8-8BAC-2007D33A180C}.Release|x86.Build.0 = Release|Win32
		{355DB527-E7DB-4B3D-AED4-492449ADF56F}.Debug|x64.ActiveCfg = Debug|x64
		{355DB527-E7DB-4B3D-AED4-492449ADF56F}.Debug|x64.Build.0 = Debug|x64
		{355DB527-E7DB-4B3D-AED4-492449ADF56F}.Debug|x86.ActiveCfg = Debug|Win32
		{355DB527-E7DB-4B3D-AED4-492449ADF56F}.Debug|x86.Build.0 = Debug|Win32
		{355DB527-E7DB-4B3D-AED4-492449ADF56F}.Release|x64.ActiveCfg = Release|x64
		{355DB527-E7DB-4B3D-AED4-492449ADF56F}.Release|x64.Build.0 = Release|x64
		{355DB527-E7DB-4B3D-AED4-492449ADF56F}.Release|x86.ActiveCfg = Release|Win32
		{355DB527-E7DB-4B3D-AED4-492449ADF56F}.Release|x86.Build.0 = Release|Win32
		{A2C6B402-82FE-43FB-8AD5-9D4E7CDA89CB}.Debug|x64.ActiveCfg = Debug|x64
		{A2C6B402-82FE-43FB-8AD5-9D4E7CDA89CB}.Debug|x64.Build.0 = Debug|x64
		{A2C6B402-82FE-43FB-8AD5-9D4E7CDA89CB}.Debug|x86.ActiveCfg = Debug|Win32
		{A2C6B402-82FE-43FB-8AD5-9D4E7CDA89CB}.Debug|x86.Build.0 = Debug|Win32
		{A2C6B402-82FE-43FB-8AD5-9D4E7CDA89CB}.Release|x64.ActiveCfg = Release|x64
		{A2C6B402-82FE-43FB-8AD5-9D4E7CDA89CB}.Release|x64.Build.0 = Release|x64
		{A2C6B402-82FE-43FB-8AD5-9D4E7CDA89CB}.Release|x86.ActiveCfg = Release|Win32
		{A2C6B402-82FE-43FB-8AD5-9D4E7CDA89CB}.Release|x86.Build.0 = Release|Win32
		{2AB5897A-8E0B-479E-BED3-4C65645A8A94}.Debug|x64.ActiveCfg = Debug|x64
		{2AB5897A-8E0B-479E-BED3-4C65645A8A94}.Debug|x64.Build.0 = Debug|x64
		{2AB5897A-8E0B-479E-BED3-4C65645A8A94}.Debug|x86.ActiveCfg = Debug|Win32
		{2AB5897A-8E0B-479E-BED3-4C65645A8A94}.Debug|x86.Build.0 = Debug|Win32
		{2AB5897A-8E0B-479E-BED3-4C65645A8A94}.Release|x64.ActiveCfg = Release|x64
		{2AB5897A-8E0B-479E-BED3-4C65645A8A94}.Release|x64.Build.0 = Release|x64
		{2AB5897A-8E0B-479E-BED3-4C65645A8A94}.Release|x86.ActiveCfg = Release|Win32
		{2AB5897A-8E0B-479E-BED3-4C65645A8A94}.Release|x86.Build.0 = Release|Win32
		{9E0B985D-6310-4752-963A-DF012290FAB6}.Debug|x64.ActiveCfg = Debug|x64
		{9E0B985D-6310-4752-963A-DF012290FAB6}.Debug|x64.Build.0 = Debug|x64
		{9E0B985D-6310-4752-963A-DF012290FAB6}.Debug|x86.ActiveCfg = Debug|Win32
		{9E0B985D-6310-4752-963A-DF012290FAB6}.Debug|x86.Build.0 = Debug|Win32
		{9E0B985D-6310-4752-963A-DF012290FAB6}.Release|x64.ActiveCfg = Release|x64
		{9E0B985D-6310-4752-963A-DF012290FAB6}.Release|x64.Build.0 = Release|x64
		{9E0B985D-6310-4752-963A-DF012290FAB6}.Release|x86.ActiveCfg = Release|Win32
		{9E0B985D-6310-4752-963A-DF012290FAB6}.Release|x86.Build.0 = Release|Win32
		{8DAF7CBC-934C-482B-8354-C453021FDAFE}.Debug|x64.ActiveCfg = Debug|x64
		{8DAF7CBC-934C-482B-8354-C453021FDAFE}.Debug|x64.Build.0 = Debug|x64
		{8DAF7CBC-934C-482B-8354-C453021FDAFE}.Debug|x86.ActiveCfg = Debug|Win32
		{8DAF7CBC-934C-482B-8354-C453021FDAFE}.Debug|x86.Build.0 = Debug|Win32
		{8DAF7CBC-934C-482B-8354-C453021FDAFE}.Release|x64.ActiveCfg = Release|x64
		{8DAF7CBC-934C-482B-8354-C453021FDAFE}.Release|x64.Build.0 = Release|x64
		{8DAF7CBC-934C-482B-8354-C453021FDAFE}.Release|x86.ActiveCfg = Release|Win32
		{8DAF7CBC-934C-482B-8354-C453021FDAFE}.Release|x86.Build.0 = Release|Win32
		{716E170A-E9EE-421B-9E44-3723CD02D1E8}.Debug|x64.ActiveCfg = Debug|x64
		{716E170A-E9EE-421B-9E44-3723CD02D1E8}.Debug|x64.Build.0 = Debug|x64
		{716E170A-E9EE-421B-9E44-3723CD02D1E8}.Debug|x86.ActiveCfg = Debug|Win32
		{716E170A-E9EE-421B-9E44-3723CD02D1E8}.Debug|x86.Build.0 = Debug|Win32
		{716E170A-E9EE-421B-9E44-3723CD02D1E8}.Release|x64.ActiveCfg = Release|x64
		{716E170A-E9EE-421B-9E44-3723CD02D1E8}.Release|x64.Build.0 = Release|x64
		{716E170A-E9EE-421B-9E44-3723CD02D1E8}.Release|x86.ActiveCfg = Release|Win32
		{716E170A-E9EE-421B-9E44-3723CD02D1E8}.Release|x86.Build.0 = Release|Win32
		{E189B896-E7FD-42EF-BE6E-6E25CAF2AD4A}.Debug|x64.ActiveCfg = Debug|x64
		{E189B896-E7FD-42EF-BE6E-6E25CAF2AD4A}.Debug|x64.Build.0 = Debug|x64
		{E189B896-E7FD-42EF-BE6E-6E25CAF2AD4A}.Debug|x86.ActiveCfg = Debug|Win32
		{E189B896-E7FD-42EF-BE6E-6E25CAF2AD4A}.Debug|x86.Build.0 = Debug|Win32
		{E189B896-E7FD-42EF-BE6E-6E25CAF2AD4A}.Release|x64.ActiveCfg = Release|x64
		{E189B896-E7FD-42EF-BE6E-6E25CAF2AD4A}.Release|x64.Build.0 = Release|x64
		{E189B896-E7FD-42EF-BE6E-6E25CAF2AD4A}.Release|x86.ActiveCfg = Release|Win32
		{E189B896-E7FD-42EF-BE6E-6E25CAF2AD4A}.Release|x86.Build.0 = Release|Win32
		{79883326-E758-437C-AC38-EC169497AC79}.Debug|x64.ActiveCfg = Debug|x64
		{79883326-E758-437C-AC38-EC169497AC79}.Debug|x64.Build.0 = Debug|x64
		{79883326-E758-437C-AC38-EC169497AC79}.Debug|x86.ActiveCfg = Debug|Win32
		{79883326-E758-437C-AC38-EC169497AC79}.Debug|x86.Build.0 = Debug|Win32
		{79883326-E758-437C-AC38-EC169497AC79}.Release|x64.ActiveCfg = Release|x64
		{79883326-E758-437C-AC38-EC169497AC79}.Release|x64.Build.0 = Release|x64
		{79883326-E758-437C-AC38-EC169497AC79}.Release|x86.ActiveCfg = Release|Win32
		{79883326-E758-437C-AC38-EC169497AC79}.Release|x86.Build.0 = Release|Win32
		{9486705D-2EB1-4821-ADBF-4FC9BFA27765}.Debug|x64.ActiveCfg = Debug|x64
		{9486705D-2EB1-4821-ADBF-4FC9BFA27765}.Debug|x64.Build.0 = Debug|x64
		{9486705D-2EB1-4821-ADBF-4FC9BFA27765}.Debug|x86.ActiveCfg = Debug|Win32
		{9486705D-2EB1-4821-ADBF-4FC9BFA27765}.Debug|x86.Build.0 = Debug|Win32
		{9486705D-2EB1-4821-ADBF-4FC9BFA27765}.Release|x64.ActiveCfg = Release|x64
		{9486705D-2EB1-4821-ADBF-4FC9BFA27765}.Release|x64.Build.0 = Release|x64
		{9486705D-2EB1-4821-ADBF-4FC9BFA27765}.Release|x86.ActiveCfg = Release|Win32
		{9486705D-2EB1-4821-ADBF-4FC9BFA27765}.Release|x86.Build.0 = Release|Win32
		{6C596B78-6125-4805-A7B1-05F9389148C7}.Debug|x64.ActiveCfg = Debug|x64
		{6C596B78-6125-4805-A7B1-05F9389148C7}.Debug|x64.Build.0 = Debug|x64
		{6C596B78-6125-4805-A7B1-05F9389148C7}.Debug|x86.ActiveCfg = Debug|Win32
		{6C596B78-6125-4805-A7B1-05F9389148C7}.Debug|x86.Build.0 = Debug|Win32
		{6C596B78-6125-4805-A7B1-05F9389148C7}.Release|x64.ActiveCfg = Release|x64
		{6C596B78-6125-4805-A7B1-05F9389148C7}.Release|x64.Build.0 = Release|x64
		{6C596B78-6125-4805-A7B1-05F9389148C7}.Release|x86.ActiveCfg = Release|Win32
		{6C596B78-6125-4805-A7B1-05F9389148C7}.Release|x86.Build.0 = Release|Win32
		{ACE9C68C-EA69-4491-ADD3-5BDE0E63FD00}.Debug|x64.ActiveCfg = Debug|x64
		{ACE9C68C-EA69-4491-ADD3-5BDE0E63FD00}.Debug|x64.Build.0 = Debug|x64
		{ACE9C68C-EA69-4491-ADD3-5BDE0E63FD00}.Debug|x86.ActiveCfg = Debug|Win32
		{ACE9C68C-EA69-4491-ADD3-5BDE0E63FD00}.Debug|x86.Build.0 = Debug|Win32
		{ACE9C68C-EA69-4491-ADD3-5BDE0E63FD00}.Release|x64.ActiveCfg = Release|x64
		{ACE9C68C-EA69-4491-ADD3-5BDE0E63FD00}.Release|x64.Build.0 = Release|x64
		{ACE9C68C-EA69-4491-ADD3-5BDE0E63FD00}.Release|x86.ActiveCfg = Release|Win32
		{ACE9C68C-EA69-4491-ADD3-5BDE0E63FD00}.Release|x86.Build.0 = Release|Win32
		{BF77BEE6-7516-474E-863C-53489BEFA9D0}.Debug|x64.ActiveCfg = Debug|x64
		{BF77BEE6-7516-474E-863C-53489BEFA9D0}.Debug|x64.Build.0 = Debug|x64
		{BF77BEE6-7516-474E-863C-53489BEFA9D0}.Debug|x86.ActiveCfg = Debug|Win32
		{BF77BEE6-7516-474E-863C-53489BEFA9D0}.Debug|x86.Build.0 = Debug|Win32
		{BF77BEE6-7516-474E-863C-53489BEFA9D0}.Release|x64.ActiveCfg = Release|x64
		{BF77BEE6-7516-474E-863C-53489BEFA9D0}.Release|x64.Build.0 = Release|x64
		{BF77BEE6-7516-474E-863C-53489BEFA9D0}.Release|x86.ActiveCfg = Release|Win32
		{BF77BEE6-7516-474E-863C-53489BEFA9D0}.Release|x86.Build.0 = Release|Win32
	EndGlobalSection
	GlobalSection(SolutionProperties) = preSolution
		HideSolutionNode = FALSE
	EndGlobalSection
	GlobalSection(ExtensibilityGlobals) = postSolution
		SolutionGuid = {7D51C334-EEB7-4B4A-93CD-895FE2D363F0}
	EndGlobalSection
EndGlobal
